// !$*UTF8*$!
{
	archiveVersion = 1;
	classes = {
	};
	objectVersion = 77;
	objects = {

/* Begin PBXBuildFile section */
		0EAD347D0FC945F05C924293 /* NotchWindow.swift in Sources */ = {isa = PBXBuildFile; fileRef = 1E527383BCE478B201140E2C /* NotchWindow.swift */; };
		768752F0489B38247B54E469 /* NotchView.swift in Sources */ = {isa = PBXBuildFile; fileRef = 9A391DF33F21D421BDE1D705 /* NotchView.swift */; };
		7CB4D83664750F4A9163A75D /* SessionState.swift in Sources */ = {isa = PBXBuildFile; fileRef = 1276140B25A5B19042DD7B9D /* SessionState.swift */; };
		94E9592D6938E63A33461FB9 /* zydockApp.swift in Sources */ = {isa = PBXBuildFile; fileRef = CED28B2956EA7CB9A1CCA68B /* zydockApp.swift */; };
		FA5966A057203271E6BEB715 /* WebSocketClient.swift in Sources */ = {isa = PBXBuildFile; fileRef = 1520AC2FD9550C03202A9FBB /* WebSocketClient.swift */; };
/* End PBXBuildFile section */

/* Begin PBXFileReference section */
		001D89A30EDE736AFD72486E /* zydock.app */ = {isa = PBXFileReference; explicitFileType = wrapper.application; includeInIndex = 0; path = zydock.app; sourceTree = BUILT_PRODUCTS_DIR; };
		1276140B25A5B19042DD7B9D /* SessionState.swift */ = {isa = PBXFileReference; lastKnownFileType = sourcecode.swift; path = SessionState.swift; sourceTree = "<group>"; };
		1520AC2FD9550C03202A9FBB /* WebSocketClient.swift */ = {isa = PBXFileReference; lastKnownFileType = sourcecode.swift; path = WebSocketClient.swift; sourceTree = "<group>"; };
		1E527383BCE478B201140E2C /* NotchWindow.swift */ = {isa = PBXFileReference; lastKnownFileType = sourcecode.swift; path = NotchWindow.swift; sourceTree = "<group>"; };
		229BA93BE95779462BE279AD /* Info.plist */ = {isa = PBXFileReference; lastKnownFileType = text.plist; path = Info.plist; sourceTree = "<group>"; };
		9A391DF33F21D421BDE1D705 /* NotchView.swift */ = {isa = PBXFileReference; lastKnownFileType = sourcecode.swift; path = NotchView.swift; sourceTree = "<group>"; };
		CED28B2956EA7CB9A1CCA68B /* zydockApp.swift */ = {isa = PBXFileReference; lastKnownFileType = sourcecode.swift; path = zydockApp.swift; sourceTree = "<group>"; };
/* End PBXFileReference section */

/* Begin PBXGroup section */
		2BFE1C7962ACB1E6D0976B80 /* zydock */ = {
			isa = PBXGroup;
			children = (
				229BA93BE95779462BE279AD /* Info.plist */,
				9A391DF33F21D421BDE1D705 /* NotchView.swift */,
				1E527383BCE478B201140E2C /* NotchWindow.swift */,
				1276140B25A5B19042DD7B9D /* SessionState.swift */,
				1520AC2FD9550C03202A9FBB /* WebSocketClient.swift */,
				CED28B2956EA7CB9A1CCA68B /* zydockApp.swift */,
			);
			name = zydock;
			path = Sources/zydock;
			sourceTree = "<group>";
		};
		8596B52FA5EA6F602B42BD14 /* Products */ = {
			isa = PBXGroup;
			children = (
				001D89A30EDE736AFD72486E /* zydock.app */,
			);
			name = Products;
			sourceTree = "<group>";
		};
		AF473C8ABE49C69C21B96EFE = {
			isa = PBXGroup;
			children = (
				2BFE1C7962ACB1E6D0976B80 /* zydock */,
				8596B52FA5EA6F602B42BD14 /* Products */,
			);
			sourceTree = "<group>";
		};
/* End PBXGroup section */

/* Begin PBXNativeTarget section */
		A92EA0DFAC2B9E930086455E /* zydock */ = {
			isa = PBXNativeTarget;
			buildConfigurationList = 0F5001F7823CF33C71B018D8 /* Build configuration list for PBXNativeTarget "zydock" */;
			buildPhases = (
				3ED97AC846F0DB05D351A1E1 /* Sources */,
			);
			buildRules = (
			);
			dependencies = (
			);
			name = zydock;
			packageProductDependencies = (
			);
			productName = zydock;
			productReference = 001D89A30EDE736AFD72486E /* zydock.app */;
			productType = "com.apple.product-type.application";
		};
/* End PBXNativeTarget section */

/* Begin PBXProject section */
		E9917177B4948FC33B11BEF8 /* Project object */ = {
			isa = PBXProject;
			attributes = {
				BuildIndependentTargetsInParallel = YES;
				LastUpgradeCheck = 1430;
				TargetAttributes = {
				};
			};
			buildConfigurationList = 37E5D5AF9F86B3CAA4270E61 /* Build configuration list for PBXProject "zydock" */;
			developmentRegion = en;
			hasScannedForEncodings = 0;
			knownRegions = (
				Base,
				en,
			);
			mainGroup = AF473C8ABE49C69C21B96EFE;
			minimizedProjectReferenceProxies = 1;
			preferredProjectObjectVersion = 77;
			productRefGroup = 8596B52FA5EA6F602B42BD14 /* Products */;
			projectDirPath = "";
			projectRoot = "";
			targets = (
				A92EA0DFAC2B9E930086455E /* zydock */,
			);
		};
/* End PBXProject section */

/* Begin PBXSourcesBuildPhase section */
		3ED97AC846F0DB05D351A1E1 /* Sources */ = {
			isa = PBXSourcesBuildPhase;
			buildActionMask = 2147483647;
			files = (
				768752F0489B38247B54E469 /* NotchView.swift in Sources */,
				0EAD347D0FC945F05C924293 /* NotchWindow.swift in Sources */,
				7CB4D83664750F4A9163A75D /* SessionState.swift in Sources */,
				FA5966A057203271E6BEB715 /* WebSocketClient.swift in Sources */,
				94E9592D6938E63A33461FB9 /* zydockApp.swift in Sources */,
			);
			runOnlyForDeploymentPostprocessing = 0;
		};
/* End PBXSourcesBuildPhase section */

/* Begin XCBuildConfiguration section */
		285057C77791BD698BCE938F /* Debug */ = {
			isa = XCBuildConfiguration;
			buildSettings = {
				ASSETCATALOG_COMPILER_APPICON_NAME = AppIcon;
				COMBINE_HIDPI_IMAGES = YES;
				INFOPLIST_FILE = Sources/zydock/Info.plist;
				LD_RUNPATH_SEARCH_PATHS = (
					"$(inherited)",
					"@executable_path/../Frameworks",
				);
				PRODUCT_BUNDLE_IDENTIFIER = com.wilson.zydock;
				PRODUCT_NAME = zydock;
				SDKROOT = macosx;
			};
			name = Debug;
		};
		5D53B28176E38B1DE2886A94 /* Debug */ = {
			isa = XCBuildConfiguration;
			buildSettings = {
				ALWAYS_SEARCH_USER_PATHS = NO;
				CLANG_ANALYZER_NONNULL = YES;
				CLANG_ANALYZER_NUMBER_OBJECT_CONVERSION = YES_AGGRESSIVE;
				CLANG_CXX_LANGUAGE_STANDARD = "gnu++14";
				CLANG_CXX_LIBRARY = "libc++";
				CLANG_ENABLE_MODULES = YES;
				CLANG_ENABLE_OBJC_ARC = YES;
				CLANG_ENABLE_OBJC_WEAK = YES;
				CLANG_WARN_BLOCK_CAPTURE_AUTORELEASING = YES;
				CLANG_WARN_BOOL_CONVERSION = YES;
				CLANG_WARN_COMMA = YES;
				CLANG_WARN_CONSTANT_CONVERSION = YES;
				CLANG_WARN_DEPRECATED_OBJC_IMPLEMENTATIONS = YES;
				CLANG_WARN_DIRECT_OBJC_ISA_USAGE = YES_ERROR;
				CLANG_WARN_DOCUMENTATION_COMMENTS = YES;
				CLANG_WARN_EMPTY_BODY = YES;
				CLANG_WARN_ENUM_CONVERSION = YES;
				CLANG_WARN_INFINITE_RECURSION = YES;
				CLANG_WARN_INT_CONVERSION = YES;
				CLANG_WARN_NON_LITERAL_NULL_CONVERSION = YES;
				CLANG_WARN_OBJC_IMPLICIT_RETAIN_SELF = YES;
				CLANG_WARN_OBJC_LITERAL_CONVERSION = YES;
				CLANG_WARN_OBJC_ROOT_CLASS = YES_ERROR;
				CLANG_WARN_QUOTED_INCLUDE_IN_FRAMEWORK_HEADER = YES;
				CLANG_WARN_RANGE_LOOP_ANALYSIS = YES;
				CLANG_WARN_STRICT_PROTOTYPES = YES;
				CLANG_WARN_SUSPICIOUS_MOVE = YES;
				CLANG_WARN_UNGUARDED_AVAILABILITY = YES_AGGRESSIVE;
				CLANG_WARN_UNREACHABLE_CODE = YES;
				CLANG_WARN__DUPLICATE_METHOD_MATCH = YES;
				COPY_PHASE_STRIP = NO;
				DEBUG_INFORMATION_FORMAT = dwarf;
				ENABLE_STRICT_OBJC_MSGSEND = YES;
				ENABLE_TESTABILITY = YES;
				GCC_C_LANGUAGE_STANDARD = gnu11;
				GCC_DYNAMIC_NO_PIC = NO;
				GCC_NO_COMMON_BLOCKS = YES;
				GCC_OPTIMIZATION_LEVEL = 0;
				GCC_PREPROCESSOR_DEFINITIONS = (
					"$(inherited)",
					"DEBUG=1",
				);
				GCC_WARN_64_TO_32_BIT_CONVERSION = YES;
				GCC_WARN_ABOUT_RETURN_TYPE = YES_ERROR;
				GCC_WARN_UNDECLARED_SELECTOR = YES;
				GCC_WARN_UNINITIALIZED_AUTOS = YES_AGGRESSIVE;
				GCC_WARN_UNUSED_FUNCTION = YES;
				GCC_WARN_UNUSED_VARIABLE = YES;
				LSUIElement = YES;
				MACOSX_DEPLOYMENT_TARGET = 13.0;
				MTL_ENABLE_DEBUG_INFO = INCLUDE_SOURCE;
				MTL_FAST_MATH = YES;
				ONLY_ACTIVE_ARCH = YES;
				PRODUCT_NAME = "$(TARGET_NAME)";
				SDKROOT = macosx;
				SWIFT_ACTIVE_COMPILATION_CONDITIONS = DEBUG;
				SWIFT_OPTIMIZATION_LEVEL = "-Onone";
				SWIFT_VERSION = 5.9;
			};
			name = Debug;
		};
		6428105D01BDDF38BD364EC7 /* Release */ = {
			isa = XCBuildConfiguration;
			buildSettings = {
				ALWAYS_SEARCH_USER_PATHS = NO;
				CLANG_ANALYZER_NONNULL = YES;
				CLANG_ANALYZER_NUMBER_OBJECT_CONVERSION = YES_AGGRESSIVE;
				CLANG_CXX_LANGUAGE_STANDARD = "gnu++14";
				CLANG_CXX_LIBRARY = "libc++";
				CLANG_ENABLE_MODULES = YES;
				CLANG_ENABLE_OBJC_ARC = YES;
				CLANG_ENABLE_OBJC_WEAK = YES;
				CLANG_WARN_BLOCK_CAPTURE_AUTORELEASING = YES;
				CLANG_WARN_BOOL_CONVERSION = YES;
				CLANG_WARN_COMMA = YES;
				CLANG_WARN_CONSTANT_CONVERSION = YES;
				CLANG_WARN_DEPRECATED_OBJC_IMPLEMENTATIONS = YES;
				CLANG_WARN_DIRECT_OBJC_ISA_USAGE = YES_ERROR;
				CLANG_WARN_DOCUMENTATION_COMMENTS = YES;
				CLANG_WARN_EMPTY_BODY = YES;
				CLANG_WARN_ENUM_CONVERSION = YES;
				CLANG_WARN_INFINITE_RECURSION = YES;
				CLANG_WARN_INT_CONVERSION = YES;
				CLANG_WARN_NON_LITERAL_NULL_CONVERSION = YES;
				CLANG_WARN_OBJC_IMPLICIT_RETAIN_SELF = YES;
				CLANG_WARN_OBJC_LITERAL_CONVERSION = YES;
				CLANG_WARN_OBJC_ROOT_CLASS = YES_ERROR;
				CLANG_WARN_QUOTED_INCLUDE_IN_FRAMEWORK_HEADER = YES;
				CLANG_WARN_RANGE_LOOP_ANALYSIS = YES;
				CLANG_WARN_STRICT_PROTOTYPES = YES;
				CLANG_WARN_SUSPICIOUS_MOVE = YES;
				CLANG_WARN_UNGUARDED_AVAILABILITY = YES_AGGRESSIVE;
				CLANG_WARN_UNREACHABLE_CODE = YES;
				CLANG_WARN__DUPLICATE_METHOD_MATCH = YES;
				COPY_PHASE_STRIP = NO;
				DEBUG_INFORMATION_FORMAT = "dwarf-with-dsym";
				ENABLE_NS_ASSERTIONS = NO;
				ENABLE_STRICT_OBJC_MSGSEND = YES;
				GCC_C_LANGUAGE_STANDARD = gnu11;
				GCC_NO_COMMON_BLOCKS = YES;
				GCC_WARN_64_TO_32_BIT_CONVERSION = YES;
				GCC_WARN_ABOUT_RETURN_TYPE = YES_ERROR;
				GCC_WARN_UNDECLARED_SELECTOR = YES;
				GCC_WARN_UNINITIALIZED_AUTOS = YES_AGGRESSIVE;
				GCC_WARN_UNUSED_FUNCTION = YES;
				GCC_WARN_UNUSED_VARIABLE = YES;
				LSUIElement = YES;
				MACOSX_DEPLOYMENT_TARGET = 13.0;
				MTL_ENABLE_DEBUG_INFO = NO;
				MTL_FAST_MATH = YES;
				PRODUCT_NAME = "$(TARGET_NAME)";
				SDKROOT = macosx;
				SWIFT_COMPILATION_MODE = wholemodule;
				SWIFT_OPTIMIZATION_LEVEL = "-O";
				SWIFT_VERSION = 5.9;
			};
			name = Release;
		};
		AEFB118CFE64086D9DBDF5B7 /* Release */ = {
			isa = XCBuildConfiguration;
			buildSettings = {
				ASSETCATALOG_COMPILER_APPICON_NAME = AppIcon;
				COMBINE_HIDPI_IMAGES = YES;
				INFOPLIST_FILE = Sources/zydock/Info.plist;
				LD_RUNPATH_SEARCH_PATHS = (
					"$(inherited)",
					"@executable_path/../Frameworks",
				);
				PRODUCT_BUNDLE_IDENTIFIER = com.wilson.zydock;
				PRODUCT_NAME = zydock;
				SDKROOT = macosx;
			};
			name = Release;
		};
/* End XCBuildConfiguration section */

/* Begin XCConfigurationList section */
		0F5001F7823CF33C71B018D8 /* Build configuration list for PBXNativeTarget "zydock" */ = {
			isa = XCConfigurationList;
			buildConfigurations = (
				285057C77791BD698BCE938F /* Debug */,
				AEFB118CFE64086D9DBDF5B7 /* Release */,
			);
			defaultConfigurationIsVisible = 0;
			defaultConfigurationName = Debug;
		};
		37E5D5AF9F86B3CAA4270E61 /* Build configuration list for PBXProject "zydock" */ = {
			isa = XCConfigurationList;
			buildConfigurations = (
				5D53B28176E38B1DE2886A94 /* Debug */,
				6428105D01BDDF38BD364EC7 /* Release */,
			);
			defaultConfigurationIsVisible = 0;
			defaultConfigurationName = Debug;
		};
/* End XCConfigurationList section */
	};
	rootObject = E9917177B4948FC33B11BEF8 /* Project object */;
}
