// !$*UTF8*$!
{
	archiveVersion = 1;
	classes = {
	};
	objectVersion = 77;
	objects = {

/* Begin PBXBuildFile section */
		07C3EACE9ED0B9F735F3BA27 /* DaemonManager.swift in Sources */ = {isa = PBXBuildFile; fileRef = FABF96E2AB773DF55947D2BE /* DaemonManager.swift */; };
		0E75B596698C48AC835D02F9 /* MusicWaveView.swift in Sources */ = {isa = PBXBuildFile; fileRef = F6F5B034D21794DE38B05D59 /* MusicWaveView.swift */; };
		0EAD347D0FC945F05C924293 /* NotchWindow.swift in Sources */ = {isa = PBXBuildFile; fileRef = 1E527383BCE478B201140E2C /* NotchWindow.swift */; };
		0ED939D6D8B6F1E872416A21 /* SettingsWindowController.swift in Sources */ = {isa = PBXBuildFile; fileRef = F85255175BE9773F3673AE6B /* SettingsWindowController.swift */; };
		12BDC3447B534A74FF57A249 /* MetricsPoller.swift in Sources */ = {isa = PBXBuildFile; fileRef = C6288FFA925DB35A479D3513 /* MetricsPoller.swift */; };
		2AC3A72A5B68CCD50F7AFE49 /* NotchShape.swift in Sources */ = {isa = PBXBuildFile; fileRef = 2412F32900A9B4C3C1261994 /* NotchShape.swift */; };
		3F06E5A0F6269BC0CF22BD08 /* Typography.swift in Sources */ = {isa = PBXBuildFile; fileRef = 6C57E3201338CAF1BC5A1530 /* Typography.swift */; };
		49E2D96B81F3B46DA1F43474 /* TabContentView.swift in Sources */ = {isa = PBXBuildFile; fileRef = 9251AC80D7B93107A96A7F82 /* TabContentView.swift */; };
		535D96BE5ECC1AB9BB00B0FF /* NotchState.swift in Sources */ = {isa = PBXBuildFile; fileRef = DE70585832EF416C9A48B245 /* NotchState.swift */; };
		768752F0489B38247B54E469 /* NotchView.swift in Sources */ = {isa = PBXBuildFile; fileRef = 9A391DF33F21D421BDE1D705 /* NotchView.swift */; };
		7CB4D83664750F4A9163A75D /* SessionState.swift in Sources */ = {isa = PBXBuildFile; fileRef = 1276140B25A5B19042DD7B9D /* SessionState.swift */; };
		7CF30F2DC20D096BB7348A34 /* ShortcutRecorderView.swift in Sources */ = {isa = PBXBuildFile; fileRef = E185B2A9B7C38B62909C206F /* ShortcutRecorderView.swift */; };
		8931810EEFC5528F6663F6CF /* NotchSettingsButton.swift in Sources */ = {isa = PBXBuildFile; fileRef = 2EF5B51BB57A1AA1AB149485 /* NotchSettingsButton.swift */; };
		91A195909105B1A46F47FB9A /* AlbumArtView.swift in Sources */ = {isa = PBXBuildFile; fileRef = FCB2EED2D222539904A15A75 /* AlbumArtView.swift */; };
		94E9592D6938E63A33461FB9 /* zydockApp.swift in Sources */ = {isa = PBXBuildFile; fileRef = CED28B2956EA7CB9A1CCA68B /* zydockApp.swift */; };
		9B7943065C4BBB8155601D27 /* TrayManager.swift in Sources */ = {isa = PBXBuildFile; fileRef = FACF2964471E6CD392EC2128 /* TrayManager.swift */; };
		C9142527EC31A325AC7EA201 /* NowPlayingManager.swift in Sources */ = {isa = PBXBuildFile; fileRef = B446F574050478CC1947CD9B /* NowPlayingManager.swift */; };
		CF1BA57708882F1822121E69 /* HotkeyManager.swift in Sources */ = {isa = PBXBuildFile; fileRef = 7A5583035ACF599FC80ED516 /* HotkeyManager.swift */; };
		E9D9BFAD20AC68C10767B45F /* NotchTabBar.swift in Sources */ = {isa = PBXBuildFile; fileRef = 01EE2DB5AA97EFFEC3A61148 /* NotchTabBar.swift */; };
		EF9053AA507105A0BE41B700 /* SettingsView.swift in Sources */ = {isa = PBXBuildFile; fileRef = B64ADF17981EA3B57AD74319 /* SettingsView.swift */; };
		FA5966A057203271E6BEB715 /* WebSocketClient.swift in Sources */ = {isa = PBXBuildFile; fileRef = 1520AC2FD9550C03202A9FBB /* WebSocketClient.swift */; };
/* End PBXBuildFile section */

/* Begin PBXFileReference section */
		001D89A30EDE736AFD72486E /* zydock.app */ = {isa = PBXFileReference; explicitFileType = wrapper.application; includeInIndex = 0; path = zydock.app; sourceTree = BUILT_PRODUCTS_DIR; };
		01EE2DB5AA97EFFEC3A61148 /* NotchTabBar.swift */ = {isa = PBXFileReference; lastKnownFileType = sourcecode.swift; path = NotchTabBar.swift; sourceTree = "<group>"; };
		1276140B25A5B19042DD7B9D /* SessionState.swift */ = {isa = PBXFileReference; lastKnownFileType = sourcecode.swift; path = SessionState.swift; sourceTree = "<group>"; };
		1520AC2FD9550C03202A9FBB /* WebSocketClient.swift */ = {isa = PBXFileReference; lastKnownFileType = sourcecode.swift; path = WebSocketClient.swift; sourceTree = "<group>"; };
		1E527383BCE478B201140E2C /* NotchWindow.swift */ = {isa = PBXFileReference; lastKnownFileType = sourcecode.swift; path = NotchWindow.swift; sourceTree = "<group>"; };
		229BA93BE95779462BE279AD /* Info.plist */ = {isa = PBXFileReference; lastKnownFileType = text.plist; path = Info.plist; sourceTree = "<group>"; };
		2412F32900A9B4C3C1261994 /* NotchShape.swift */ = {isa = PBXFileReference; lastKnownFileType = sourcecode.swift; path = NotchShape.swift; sourceTree = "<group>"; };
		2EF5B51BB57A1AA1AB149485 /* NotchSettingsButton.swift */ = {isa = PBXFileReference; lastKnownFileType = sourcecode.swift; path = NotchSettingsButton.swift; sourceTree = "<group>"; };
		6C57E3201338CAF1BC5A1530 /* Typography.swift */ = {isa = PBXFileReference; lastKnownFileType = sourcecode.swift; path = Typography.swift; sourceTree = "<group>"; };
		7A5583035ACF599FC80ED516 /* HotkeyManager.swift */ = {isa = PBXFileReference; lastKnownFileType = sourcecode.swift; path = HotkeyManager.swift; sourceTree = "<group>"; };
		9251AC80D7B93107A96A7F82 /* TabContentView.swift */ = {isa = PBXFileReference; lastKnownFileType = sourcecode.swift; path = TabContentView.swift; sourceTree = "<group>"; };
		9A391DF33F21D421BDE1D705 /* NotchView.swift */ = {isa = PBXFileReference; lastKnownFileType = sourcecode.swift; path = NotchView.swift; sourceTree = "<group>"; };
		B446F574050478CC1947CD9B /* NowPlayingManager.swift */ = {isa = PBXFileReference; lastKnownFileType = sourcecode.swift; path = NowPlayingManager.swift; sourceTree = "<group>"; };
		B64ADF17981EA3B57AD74319 /* SettingsView.swift */ = {isa = PBXFileReference; lastKnownFileType = sourcecode.swift; path = SettingsView.swift; sourceTree = "<group>"; };
		C6288FFA925DB35A479D3513 /* MetricsPoller.swift */ = {isa = PBXFileReference; lastKnownFileType = sourcecode.swift; path = MetricsPoller.swift; sourceTree = "<group>"; };
		CED28B2956EA7CB9A1CCA68B /* zydockApp.swift */ = {isa = PBXFileReference; lastKnownFileType = sourcecode.swift; path = zydockApp.swift; sourceTree = "<group>"; };
		DE70585832EF416C9A48B245 /* NotchState.swift */ = {isa = PBXFileReference; lastKnownFileType = sourcecode.swift; path = NotchState.swift; sourceTree = "<group>"; };
		E185B2A9B7C38B62909C206F /* ShortcutRecorderView.swift */ = {isa = PBXFileReference; lastKnownFileType = sourcecode.swift; path = ShortcutRecorderView.swift; sourceTree = "<group>"; };
		F6F5B034D21794DE38B05D59 /* MusicWaveView.swift */ = {isa = PBXFileReference; lastKnownFileType = sourcecode.swift; path = MusicWaveView.swift; sourceTree = "<group>"; };
		F85255175BE9773F3673AE6B /* SettingsWindowController.swift */ = {isa = PBXFileReference; lastKnownFileType = sourcecode.swift; path = SettingsWindowController.swift; sourceTree = "<group>"; };
		FABF96E2AB773DF55947D2BE /* DaemonManager.swift */ = {isa = PBXFileReference; lastKnownFileType = sourcecode.swift; path = DaemonManager.swift; sourceTree = "<group>"; };
		FACF2964471E6CD392EC2128 /* TrayManager.swift */ = {isa = PBXFileReference; lastKnownFileType = sourcecode.swift; path = TrayManager.swift; sourceTree = "<group>"; };
		FCB2EED2D222539904A15A75 /* AlbumArtView.swift */ = {isa = PBXFileReference; lastKnownFileType = sourcecode.swift; path = AlbumArtView.swift; sourceTree = "<group>"; };
/* End PBXFileReference section */

/* Begin PBXGroup section */
		2BFE1C7962ACB1E6D0976B80 /* zydock */ = {
			isa = PBXGroup;
			children = (
				FCB2EED2D222539904A15A75 /* AlbumArtView.swift */,
				FABF96E2AB773DF55947D2BE /* DaemonManager.swift */,
				7A5583035ACF599FC80ED516 /* HotkeyManager.swift */,
				229BA93BE95779462BE279AD /* Info.plist */,
				C6288FFA925DB35A479D3513 /* MetricsPoller.swift */,
				F6F5B034D21794DE38B05D59 /* MusicWaveView.swift */,
				2EF5B51BB57A1AA1AB149485 /* NotchSettingsButton.swift */,
				2412F32900A9B4C3C1261994 /* NotchShape.swift */,
				DE70585832EF416C9A48B245 /* NotchState.swift */,
				01EE2DB5AA97EFFEC3A61148 /* NotchTabBar.swift */,
				9A391DF33F21D421BDE1D705 /* NotchView.swift */,
				1E527383BCE478B201140E2C /* NotchWindow.swift */,
				B446F574050478CC1947CD9B /* NowPlayingManager.swift */,
				1276140B25A5B19042DD7B9D /* SessionState.swift */,
				B64ADF17981EA3B57AD74319 /* SettingsView.swift */,
				F85255175BE9773F3673AE6B /* SettingsWindowController.swift */,
				E185B2A9B7C38B62909C206F /* ShortcutRecorderView.swift */,
				9251AC80D7B93107A96A7F82 /* TabContentView.swift */,
				FACF2964471E6CD392EC2128 /* TrayManager.swift */,
				6C57E3201338CAF1BC5A1530 /* Typography.swift */,
				1520AC2FD9550C03202A9FBB /* WebSocketClient.swift */,
				CED28B2956EA7CB9A1CCA68B /* zydockApp.swift */,
			);
			name = zydock;
			path = Sources/zydock;
			sourceTree = "<group>";
		};
		8596B52FA5EA6F602B42BD14 /* Products */ = {
			isa = PBXGroup;
			children = (
				001D89A30EDE736AFD72486E /* zydock.app */,
			);
			name = Products;
			sourceTree = "<group>";
		};
		AF473C8ABE49C69C21B96EFE = {
			isa = PBXGroup;
			children = (
				2BFE1C7962ACB1E6D0976B80 /* zydock */,
				8596B52FA5EA6F602B42BD14 /* Products */,
			);
			sourceTree = "<group>";
		};
/* End PBXGroup section */

/* Begin PBXNativeTarget section */
		A92EA0DFAC2B9E930086455E /* zydock */ = {
			isa = PBXNativeTarget;
			buildConfigurationList = 0F5001F7823CF33C71B018D8 /* Build configuration list for PBXNativeTarget "zydock" */;
			buildPhases = (
				3ED97AC846F0DB05D351A1E1 /* Sources */,
				C747C9CF983A28B543DA0882 /* Build Go Daemon */,
			);
			buildRules = (
			);
			dependencies = (
			);
			name = zydock;
			packageProductDependencies = (
			);
			productName = zydock;
			productReference = 001D89A30EDE736AFD72486E /* zydock.app */;
			productType = "com.apple.product-type.application";
		};
/* End PBXNativeTarget section */

/* Begin PBXProject section */
		E9917177B4948FC33B11BEF8 /* Project object */ = {
			isa = PBXProject;
			attributes = {
				BuildIndependentTargetsInParallel = YES;
				LastUpgradeCheck = 1430;
				TargetAttributes = {
				};
			};
			buildConfigurationList = 37E5D5AF9F86B3CAA4270E61 /* Build configuration list for PBXProject "zydock" */;
			developmentRegion = en;
			hasScannedForEncodings = 0;
			knownRegions = (
				Base,
				en,
			);
			mainGroup = AF473C8ABE49C69C21B96EFE;
			minimizedProjectReferenceProxies = 1;
			preferredProjectObjectVersion = 77;
			productRefGroup = 8596B52FA5EA6F602B42BD14 /* Products */;
			projectDirPath = "";
			projectRoot = "";
			targets = (
				A92EA0DFAC2B9E930086455E /* zydock */,
			);
		};
/* End PBXProject section */

/* Begin PBXShellScriptBuildPhase section */
		C747C9CF983A28B543DA0882 /* Build Go Daemon */ = {
			isa = PBXShellScriptBuildPhase;
			buildActionMask = 2147483647;
			files = (
			);
			inputFileListPaths = (
			);
			inputPaths = (
			);
			name = "Build Go Daemon";
			outputFileListPaths = (
			);
			outputPaths = (
			);
			runOnlyForDeploymentPostprocessing = 0;
			shellPath = /bin/sh;
			shellScript = "cd \"$SRCROOT/../daemon\"\ngo build -o \"$BUILT_PRODUCTS_DIR/$PRODUCT_NAME.app/Contents/MacOS/zydockd\" .\n";
		};
/* End PBXShellScriptBuildPhase section */

/* Begin PBXSourcesBuildPhase section */
		3ED97AC846F0DB05D351A1E1 /* Sources */ = {
			isa = PBXSourcesBuildPhase;
			buildActionMask = 2147483647;
			files = (
				91A195909105B1A46F47FB9A /* AlbumArtView.swift in Sources */,
				07C3EACE9ED0B9F735F3BA27 /* DaemonManager.swift in Sources */,
				CF1BA57708882F1822121E69 /* HotkeyManager.swift in Sources */,
				12BDC3447B534A74FF57A249 /* MetricsPoller.swift in Sources */,
				0E75B596698C48AC835D02F9 /* MusicWaveView.swift in Sources */,
				8931810EEFC5528F6663F6CF /* NotchSettingsButton.swift in Sources */,
				2AC3A72A5B68CCD50F7AFE49 /* NotchShape.swift in Sources */,
				535D96BE5ECC1AB9BB00B0FF /* NotchState.swift in Sources */,
				E9D9BFAD20AC68C10767B45F /* NotchTabBar.swift in Sources */,
				768752F0489B38247B54E469 /* NotchView.swift in Sources */,
				0EAD347D0FC945F05C924293 /* NotchWindow.swift in Sources */,
				C9142527EC31A325AC7EA201 /* NowPlayingManager.swift in Sources */,
				7CB4D83664750F4A9163A75D /* SessionState.swift in Sources */,
				EF9053AA507105A0BE41B700 /* SettingsView.swift in Sources */,
				0ED939D6D8B6F1E872416A21 /* SettingsWindowController.swift in Sources */,
				7CF30F2DC20D096BB7348A34 /* ShortcutRecorderView.swift in Sources */,
				49E2D96B81F3B46DA1F43474 /* TabContentView.swift in Sources */,
				9B7943065C4BBB8155601D27 /* TrayManager.swift in Sources */,
				3F06E5A0F6269BC0CF22BD08 /* Typography.swift in Sources */,
				FA5966A057203271E6BEB715 /* WebSocketClient.swift in Sources */,
				94E9592D6938E63A33461FB9 /* zydockApp.swift in Sources */,
			);
			runOnlyForDeploymentPostprocessing = 0;
		};
/* End PBXSourcesBuildPhase section */

/* Begin XCBuildConfiguration section */
		285057C77791BD698BCE938F /* Debug */ = {
			isa = XCBuildConfiguration;
			buildSettings = {
				ASSETCATALOG_COMPILER_APPICON_NAME = AppIcon;
				COMBINE_HIDPI_IMAGES = YES;
				INFOPLIST_FILE = Sources/zydock/Info.plist;
				LD_RUNPATH_SEARCH_PATHS = (
					"$(inherited)",
					"@executable_path/../Frameworks",
				);
				PRODUCT_BUNDLE_IDENTIFIER = com.wilson.zydock;
				PRODUCT_NAME = zydock;
				SDKROOT = macosx;
			};
			name = Debug;
		};
		5D53B28176E38B1DE2886A94 /* Debug */ = {
			isa = XCBuildConfiguration;
			buildSettings = {
				ALWAYS_SEARCH_USER_PATHS = NO;
				CLANG_ANALYZER_NONNULL = YES;
				CLANG_ANALYZER_NUMBER_OBJECT_CONVERSION = YES_AGGRESSIVE;
				CLANG_CXX_LANGUAGE_STANDARD = "gnu++14";
				CLANG_CXX_LIBRARY = "libc++";
				CLANG_ENABLE_MODULES = YES;
				CLANG_ENABLE_OBJC_ARC = YES;
				CLANG_ENABLE_OBJC_WEAK = YES;
				CLANG_WARN_BLOCK_CAPTURE_AUTORELEASING = YES;
				CLANG_WARN_BOOL_CONVERSION = YES;
				CLANG_WARN_COMMA = YES;
				CLANG_WARN_CONSTANT_CONVERSION = YES;
				CLANG_WARN_DEPRECATED_OBJC_IMPLEMENTATIONS = YES;
				CLANG_WARN_DIRECT_OBJC_ISA_USAGE = YES_ERROR;
				CLANG_WARN_DOCUMENTATION_COMMENTS = YES;
				CLANG_WARN_EMPTY_BODY = YES;
				CLANG_WARN_ENUM_CONVERSION = YES;
				CLANG_WARN_INFINITE_RECURSION = YES;
				CLANG_WARN_INT_CONVERSION = YES;
				CLANG_WARN_NON_LITERAL_NULL_CONVERSION = YES;
				CLANG_WARN_OBJC_IMPLICIT_RETAIN_SELF = YES;
				CLANG_WARN_OBJC_LITERAL_CONVERSION = YES;
				CLANG_WARN_OBJC_ROOT_CLASS = YES_ERROR;
				CLANG_WARN_QUOTED_INCLUDE_IN_FRAMEWORK_HEADER = YES;
				CLANG_WARN_RANGE_LOOP_ANALYSIS = YES;
				CLANG_WARN_STRICT_PROTOTYPES = YES;
				CLANG_WARN_SUSPICIOUS_MOVE = YES;
				CLANG_WARN_UNGUARDED_AVAILABILITY = YES_AGGRESSIVE;
				CLANG_WARN_UNREACHABLE_CODE = YES;
				CLANG_WARN__DUPLICATE_METHOD_MATCH = YES;
				COPY_PHASE_STRIP = NO;
				DEBUG_INFORMATION_FORMAT = dwarf;
				ENABLE_STRICT_OBJC_MSGSEND = YES;
				ENABLE_TESTABILITY = YES;
				GCC_C_LANGUAGE_STANDARD = gnu11;
				GCC_DYNAMIC_NO_PIC = NO;
				GCC_NO_COMMON_BLOCKS = YES;
				GCC_OPTIMIZATION_LEVEL = 0;
				GCC_PREPROCESSOR_DEFINITIONS = (
					"$(inherited)",
					"DEBUG=1",
				);
				GCC_WARN_64_TO_32_BIT_CONVERSION = YES;
				GCC_WARN_ABOUT_RETURN_TYPE = YES_ERROR;
				GCC_WARN_UNDECLARED_SELECTOR = YES;
				GCC_WARN_UNINITIALIZED_AUTOS = YES_AGGRESSIVE;
				GCC_WARN_UNUSED_FUNCTION = YES;
				GCC_WARN_UNUSED_VARIABLE = YES;
				LSUIElement = YES;
				MACOSX_DEPLOYMENT_TARGET = 13.0;
				MTL_ENABLE_DEBUG_INFO = INCLUDE_SOURCE;
				MTL_FAST_MATH = YES;
				ONLY_ACTIVE_ARCH = YES;
				PRODUCT_NAME = "$(TARGET_NAME)";
				SDKROOT = macosx;
				SWIFT_ACTIVE_COMPILATION_CONDITIONS = DEBUG;
				SWIFT_OPTIMIZATION_LEVEL = "-Onone";
				SWIFT_VERSION = 5.9;
			};
			name = Debug;
		};
		6428105D01BDDF38BD364EC7 /* Release */ = {
			isa = XCBuildConfiguration;
			buildSettings = {
				ALWAYS_SEARCH_USER_PATHS = NO;
				CLANG_ANALYZER_NONNULL = YES;
				CLANG_ANALYZER_NUMBER_OBJECT_CONVERSION = YES_AGGRESSIVE;
				CLANG_CXX_LANGUAGE_STANDARD = "gnu++14";
				CLANG_CXX_LIBRARY = "libc++";
				CLANG_ENABLE_MODULES = YES;
				CLANG_ENABLE_OBJC_ARC = YES;
				CLANG_ENABLE_OBJC_WEAK = YES;
				CLANG_WARN_BLOCK_CAPTURE_AUTORELEASING = YES;
				CLANG_WARN_BOOL_CONVERSION = YES;
				CLANG_WARN_COMMA = YES;
				CLANG_WARN_CONSTANT_CONVERSION = YES;
				CLANG_WARN_DEPRECATED_OBJC_IMPLEMENTATIONS = YES;
				CLANG_WARN_DIRECT_OBJC_ISA_USAGE = YES_ERROR;
				CLANG_WARN_DOCUMENTATION_COMMENTS = YES;
				CLANG_WARN_EMPTY_BODY = YES;
				CLANG_WARN_ENUM_CONVERSION = YES;
				CLANG_WARN_INFINITE_RECURSION = YES;
				CLANG_WARN_INT_CONVERSION = YES;
				CLANG_WARN_NON_LITERAL_NULL_CONVERSION = YES;
				CLANG_WARN_OBJC_IMPLICIT_RETAIN_SELF = YES;
				CLANG_WARN_OBJC_LITERAL_CONVERSION = YES;
				CLANG_WARN_OBJC_ROOT_CLASS = YES_ERROR;
				CLANG_WARN_QUOTED_INCLUDE_IN_FRAMEWORK_HEADER = YES;
				CLANG_WARN_RANGE_LOOP_ANALYSIS = YES;
				CLANG_WARN_STRICT_PROTOTYPES = YES;
				CLANG_WARN_SUSPICIOUS_MOVE = YES;
				CLANG_WARN_UNGUARDED_AVAILABILITY = YES_AGGRESSIVE;
				CLANG_WARN_UNREACHABLE_CODE = YES;
				CLANG_WARN__DUPLICATE_METHOD_MATCH = YES;
				COPY_PHASE_STRIP = NO;
				DEBUG_INFORMATION_FORMAT = "dwarf-with-dsym";
				ENABLE_NS_ASSERTIONS = NO;
				ENABLE_STRICT_OBJC_MSGSEND = YES;
				GCC_C_LANGUAGE_STANDARD = gnu11;
				GCC_NO_COMMON_BLOCKS = YES;
				GCC_WARN_64_TO_32_BIT_CONVERSION = YES;
				GCC_WARN_ABOUT_RETURN_TYPE = YES_ERROR;
				GCC_WARN_UNDECLARED_SELECTOR = YES;
				GCC_WARN_UNINITIALIZED_AUTOS = YES_AGGRESSIVE;
				GCC_WARN_UNUSED_FUNCTION = YES;
				GCC_WARN_UNUSED_VARIABLE = YES;
				LSUIElement = YES;
				MACOSX_DEPLOYMENT_TARGET = 13.0;
				MTL_ENABLE_DEBUG_INFO = NO;
				MTL_FAST_MATH = YES;
				PRODUCT_NAME = "$(TARGET_NAME)";
				SDKROOT = macosx;
				SWIFT_COMPILATION_MODE = wholemodule;
				SWIFT_OPTIMIZATION_LEVEL = "-O";
				SWIFT_VERSION = 5.9;
			};
			name = Release;
		};
		AEFB118CFE64086D9DBDF5B7 /* Release */ = {
			isa = XCBuildConfiguration;
			buildSettings = {
				ASSETCATALOG_COMPILER_APPICON_NAME = AppIcon;
				COMBINE_HIDPI_IMAGES = YES;
				INFOPLIST_FILE = Sources/zydock/Info.plist;
				LD_RUNPATH_SEARCH_PATHS = (
					"$(inherited)",
					"@executable_path/../Frameworks",
				);
				PRODUCT_BUNDLE_IDENTIFIER = com.wilson.zydock;
				PRODUCT_NAME = zydock;
				SDKROOT = macosx;
			};
			name = Release;
		};
/* End XCBuildConfiguration section */

/* Begin XCConfigurationList section */
		0F5001F7823CF33C71B018D8 /* Build configuration list for PBXNativeTarget "zydock" */ = {
			isa = XCConfigurationList;
			buildConfigurations = (
				285057C77791BD698BCE938F /* Debug */,
				AEFB118CFE64086D9DBDF5B7 /* Release */,
			);
			defaultConfigurationIsVisible = 0;
			defaultConfigurationName = Debug;
		};
		37E5D5AF9F86B3CAA4270E61 /* Build configuration list for PBXProject "zydock" */ = {
			isa = XCConfigurationList;
			buildConfigurations = (
				5D53B28176E38B1DE2886A94 /* Debug */,
				6428105D01BDDF38BD364EC7 /* Release */,
			);
			defaultConfigurationIsVisible = 0;
			defaultConfigurationName = Debug;
		};
/* End XCConfigurationList section */
	};
	rootObject = E9917177B4948FC33B11BEF8 /* Project object */;
}
