// !$*UTF8*$!
{
	archiveVersion = 1;
	classes = {
	};
	objectVersion = 77;
	objects = {

/* Begin PBXBuildFile section */
		043970882FE54A150AF518F1 /* CalendarSection.swift in Sources */ = {isa = PBXBuildFile; fileRef = D69A243628ABC94AD708BC3B /* CalendarSection.swift */; };
		08E380B3E0E9539EBDF2BADB /* Typography.swift in Sources */ = {isa = PBXBuildFile; fileRef = 667DC680149DA98BAC15CB82 /* Typography.swift */; };
		100BCEC05F9048E78066AE1B /* NotchShape.swift in Sources */ = {isa = PBXBuildFile; fileRef = F87AFA2819772B059B3B46E2 /* NotchShape.swift */; };
		113E7E2A9854ED95641AEA41 /* CalendarManager.swift in Sources */ = {isa = PBXBuildFile; fileRef = C09440C5110EE567BDC6CDEF /* CalendarManager.swift */; };
		1AB241F23EC6A54CFED99457 /* MusicWaveView.swift in Sources */ = {isa = PBXBuildFile; fileRef = 4FCA26E0BF1E656B00619B33 /* MusicWaveView.swift */; };
		1DC48DD850F243E74949F707 /* NotchTabBar.swift in Sources */ = {isa = PBXBuildFile; fileRef = E03110D4F809BAEFBB9624C8 /* NotchTabBar.swift */; };
		20E0F293D3657B3884CBE914 /* NotchState.swift in Sources */ = {isa = PBXBuildFile; fileRef = 61C5EC09A79A30F57094FB74 /* NotchState.swift */; };
		2C0EAFBA7B217D1E160C2DC6 /* TrayController.swift in Sources */ = {isa = PBXBuildFile; fileRef = 7FD708A623198F493B3499C9 /* TrayController.swift */; };
		2D144527F64C1BEB547206E1 /* SessionState.swift in Sources */ = {isa = PBXBuildFile; fileRef = BFDDD8F019336230817E6296 /* SessionState.swift */; };
		33820CD4836DC663E2AF9187 /* ShortcutRecorderView.swift in Sources */ = {isa = PBXBuildFile; fileRef = 252955F5D7362B8D2DDB3E5B /* ShortcutRecorderView.swift */; };
		3787BCC32FF8B54CAB58B24A /* ClaudeCodeController.swift in Sources */ = {isa = PBXBuildFile; fileRef = FBD0F304995502DE96DBA794 /* ClaudeCodeController.swift */; };
		40F724D329E839EF068A5CAC /* TrayView.swift in Sources */ = {isa = PBXBuildFile; fileRef = 01A175378F0511FD2AE795A6 /* TrayView.swift */; };
		45E242EF3A3D587800D62484 /* SettingsView.swift in Sources */ = {isa = PBXBuildFile; fileRef = 7565C587FB450839EB95070E /* SettingsView.swift */; };
		52981714CB80A2F3EC271F9B /* Module.swift in Sources */ = {isa = PBXBuildFile; fileRef = 453858F2A2C15433D7CD478B /* Module.swift */; };
		574EE0751FB9FC14597151D6 /* WebSocketClient.swift in Sources */ = {isa = PBXBuildFile; fileRef = BE863084F10FB558DFA8EAFE /* WebSocketClient.swift */; };
		59C0E6358FC7B2EF9384CB19 /* TrayModule.swift in Sources */ = {isa = PBXBuildFile; fileRef = 6A7EA3DCFACA653C483EE405 /* TrayModule.swift */; };
		5A4C9B2BFC31713CEC9394AC /* ClaudeCodeModule.swift in Sources */ = {isa = PBXBuildFile; fileRef = D91201566BCB97BF5AB99FCD /* ClaudeCodeModule.swift */; };
		5FC993A256CF8227B8B003B5 /* AlbumArtView.swift in Sources */ = {isa = PBXBuildFile; fileRef = 4853524CD996FC37307164F9 /* AlbumArtView.swift */; };
		79E4F6D182ED707EED04167F /* NotchView.swift in Sources */ = {isa = PBXBuildFile; fileRef = A422A1E006C1343FFA46D20C /* NotchView.swift */; };
		7FDBB0B0814D76F268F9BF93 /* SettingsWindowController.swift in Sources */ = {isa = PBXBuildFile; fileRef = 90E901B2CBF504D9FCB25E35 /* SettingsWindowController.swift */; };
		8C8EBF3A5E6867201EAA5921 /* DaemonManager.swift in Sources */ = {isa = PBXBuildFile; fileRef = 4807564E9A9A2EED0C50FD9F /* DaemonManager.swift */; };
		90E82737FA86A5FE6C7AAFD4 /* Assets.xcassets in Resources */ = {isa = PBXBuildFile; fileRef = 44DE2943B39D363E007E1B38 /* Assets.xcassets */; };
		A972657A6FB1FC724A16F563 /* NowPlayingManager.swift in Sources */ = {isa = PBXBuildFile; fileRef = 71D5E5273F7397E40BE1820A /* NowPlayingManager.swift */; };
		AD57E25BAA2D37D854B9E8C1 /* TabContentView.swift in Sources */ = {isa = PBXBuildFile; fileRef = 4B19B9D105FDA667399BD91B /* TabContentView.swift */; };
		B64E466FDFACBDA551E44AD8 /* AppIcon.icns in Resources */ = {isa = PBXBuildFile; fileRef = 9285D50F59B0C02072B235BD /* AppIcon.icns */; };
		D1333CFFDDFCFB5FD4D25932 /* SystemView.swift in Sources */ = {isa = PBXBuildFile; fileRef = 69FBAAB427CA4C34E27908BA /* SystemView.swift */; };
		DCF24035DBDD9BCC6D4446D2 /* WeatherManager.swift in Sources */ = {isa = PBXBuildFile; fileRef = BDB1B8A496E27B2674511856 /* WeatherManager.swift */; };
		E13285AA78089DF716DB34FE /* TrayManager.swift in Sources */ = {isa = PBXBuildFile; fileRef = 37F016A014A0F39E0DA74374 /* TrayManager.swift */; };
		E4123D46CB018B4411EEDC07 /* ClaudeCodeView.swift in Sources */ = {isa = PBXBuildFile; fileRef = B9CFA112ED5C73A7B47B3CBA /* ClaudeCodeView.swift */; };
		E8ED558EAFD45D86F08E7EA6 /* LoadersView.swift in Sources */ = {isa = PBXBuildFile; fileRef = C4D33803455E0CC06D52C2B2 /* LoadersView.swift */; };
		E9A44D076BAE0020CFE3429F /* zydockApp.swift in Sources */ = {isa = PBXBuildFile; fileRef = 00227FCD57E48E945B9DAB05 /* zydockApp.swift */; };
		EA958190D3FCBCB981A5DD4E /* HotkeyManager.swift in Sources */ = {isa = PBXBuildFile; fileRef = 5C229090C1EA2D7B39B63001 /* HotkeyManager.swift */; };
		EBCE1891476F9B66DB56A093 /* SystemModule.swift in Sources */ = {isa = PBXBuildFile; fileRef = A0ED6701A807F81A0FC5E628 /* SystemModule.swift */; };
		ED3A9736E342AD6B50C53FC4 /* NotchSettingsButton.swift in Sources */ = {isa = PBXBuildFile; fileRef = DFEE1FE31D3B21CE0796DEFA /* NotchSettingsButton.swift */; };
		F54B2607C8D2503FE5DBA7B8 /* MetricsPoller.swift in Sources */ = {isa = PBXBuildFile; fileRef = 4FB248C59177AA59CA00BF1A /* MetricsPoller.swift */; };
		F6E341DEB8BC0A2574588D94 /* NotchWindow.swift in Sources */ = {isa = PBXBuildFile; fileRef = BA74C03DFBEA19F4CF55E381 /* NotchWindow.swift */; };
		FDB55169843AAE1E1EBDA571 /* ModuleRegistry.swift in Sources */ = {isa = PBXBuildFile; fileRef = CEA436057CD97D43AFE86C3E /* ModuleRegistry.swift */; };
/* End PBXBuildFile section */

/* Begin PBXFileReference section */
		001D89A30EDE736AFD72486E /* zydock.app */ = {isa = PBXFileReference; explicitFileType = wrapper.application; includeInIndex = 0; path = zydock.app; sourceTree = BUILT_PRODUCTS_DIR; };
		00227FCD57E48E945B9DAB05 /* zydockApp.swift */ = {isa = PBXFileReference; lastKnownFileType = sourcecode.swift; path = zydockApp.swift; sourceTree = "<group>"; };
		01A175378F0511FD2AE795A6 /* TrayView.swift */ = {isa = PBXFileReference; lastKnownFileType = sourcecode.swift; path = TrayView.swift; sourceTree = "<group>"; };
		252955F5D7362B8D2DDB3E5B /* ShortcutRecorderView.swift */ = {isa = PBXFileReference; lastKnownFileType = sourcecode.swift; path = ShortcutRecorderView.swift; sourceTree = "<group>"; };
		37F016A014A0F39E0DA74374 /* TrayManager.swift */ = {isa = PBXFileReference; lastKnownFileType = sourcecode.swift; path = TrayManager.swift; sourceTree = "<group>"; };
		44DE2943B39D363E007E1B38 /* Assets.xcassets */ = {isa = PBXFileReference; lastKnownFileType = folder.assetcatalog; path = Assets.xcassets; sourceTree = "<group>"; };
		453858F2A2C15433D7CD478B /* Module.swift */ = {isa = PBXFileReference; lastKnownFileType = sourcecode.swift; path = Module.swift; sourceTree = "<group>"; };
		4807564E9A9A2EED0C50FD9F /* DaemonManager.swift */ = {isa = PBXFileReference; lastKnownFileType = sourcecode.swift; path = DaemonManager.swift; sourceTree = "<group>"; };
		4853524CD996FC37307164F9 /* AlbumArtView.swift */ = {isa = PBXFileReference; lastKnownFileType = sourcecode.swift; path = AlbumArtView.swift; sourceTree = "<group>"; };
		4B19B9D105FDA667399BD91B /* TabContentView.swift */ = {isa = PBXFileReference; lastKnownFileType = sourcecode.swift; path = TabContentView.swift; sourceTree = "<group>"; };
		4FB248C59177AA59CA00BF1A /* MetricsPoller.swift */ = {isa = PBXFileReference; lastKnownFileType = sourcecode.swift; path = MetricsPoller.swift; sourceTree = "<group>"; };
		4FCA26E0BF1E656B00619B33 /* MusicWaveView.swift */ = {isa = PBXFileReference; lastKnownFileType = sourcecode.swift; path = MusicWaveView.swift; sourceTree = "<group>"; };
		5C229090C1EA2D7B39B63001 /* HotkeyManager.swift */ = {isa = PBXFileReference; lastKnownFileType = sourcecode.swift; path = HotkeyManager.swift; sourceTree = "<group>"; };
		61C5EC09A79A30F57094FB74 /* NotchState.swift */ = {isa = PBXFileReference; lastKnownFileType = sourcecode.swift; path = NotchState.swift; sourceTree = "<group>"; };
		667DC680149DA98BAC15CB82 /* Typography.swift */ = {isa = PBXFileReference; lastKnownFileType = sourcecode.swift; path = Typography.swift; sourceTree = "<group>"; };
		69FBAAB427CA4C34E27908BA /* SystemView.swift */ = {isa = PBXFileReference; lastKnownFileType = sourcecode.swift; path = SystemView.swift; sourceTree = "<group>"; };
		6A7EA3DCFACA653C483EE405 /* TrayModule.swift */ = {isa = PBXFileReference; lastKnownFileType = sourcecode.swift; path = TrayModule.swift; sourceTree = "<group>"; };
		71D5E5273F7397E40BE1820A /* NowPlayingManager.swift */ = {isa = PBXFileReference; lastKnownFileType = sourcecode.swift; path = NowPlayingManager.swift; sourceTree = "<group>"; };
		7565C587FB450839EB95070E /* SettingsView.swift */ = {isa = PBXFileReference; lastKnownFileType = sourcecode.swift; path = SettingsView.swift; sourceTree = "<group>"; };
		7FD708A623198F493B3499C9 /* TrayController.swift */ = {isa = PBXFileReference; lastKnownFileType = sourcecode.swift; path = TrayController.swift; sourceTree = "<group>"; };
		90E901B2CBF504D9FCB25E35 /* SettingsWindowController.swift */ = {isa = PBXFileReference; lastKnownFileType = sourcecode.swift; path = SettingsWindowController.swift; sourceTree = "<group>"; };
		9285D50F59B0C02072B235BD /* AppIcon.icns */ = {isa = PBXFileReference; lastKnownFileType = image.icns; path = AppIcon.icns; sourceTree = "<group>"; };
		A0ED6701A807F81A0FC5E628 /* SystemModule.swift */ = {isa = PBXFileReference; lastKnownFileType = sourcecode.swift; path = SystemModule.swift; sourceTree = "<group>"; };
		A422A1E006C1343FFA46D20C /* NotchView.swift */ = {isa = PBXFileReference; lastKnownFileType = sourcecode.swift; path = NotchView.swift; sourceTree = "<group>"; };
		B9CFA112ED5C73A7B47B3CBA /* ClaudeCodeView.swift */ = {isa = PBXFileReference; lastKnownFileType = sourcecode.swift; path = ClaudeCodeView.swift; sourceTree = "<group>"; };
		BA74C03DFBEA19F4CF55E381 /* NotchWindow.swift */ = {isa = PBXFileReference; lastKnownFileType = sourcecode.swift; path = NotchWindow.swift; sourceTree = "<group>"; };
		BDB1B8A496E27B2674511856 /* WeatherManager.swift */ = {isa = PBXFileReference; lastKnownFileType = sourcecode.swift; path = WeatherManager.swift; sourceTree = "<group>"; };
		BE863084F10FB558DFA8EAFE /* WebSocketClient.swift */ = {isa = PBXFileReference; lastKnownFileType = sourcecode.swift; path = WebSocketClient.swift; sourceTree = "<group>"; };
		BFDDD8F019336230817E6296 /* SessionState.swift */ = {isa = PBXFileReference; lastKnownFileType = sourcecode.swift; path = SessionState.swift; sourceTree = "<group>"; };
		C09440C5110EE567BDC6CDEF /* CalendarManager.swift */ = {isa = PBXFileReference; lastKnownFileType = sourcecode.swift; path = CalendarManager.swift; sourceTree = "<group>"; };
		C4D33803455E0CC06D52C2B2 /* LoadersView.swift */ = {isa = PBXFileReference; lastKnownFileType = sourcecode.swift; path = LoadersView.swift; sourceTree = "<group>"; };
		CEA436057CD97D43AFE86C3E /* ModuleRegistry.swift */ = {isa = PBXFileReference; lastKnownFileType = sourcecode.swift; path = ModuleRegistry.swift; sourceTree = "<group>"; };
		D69A243628ABC94AD708BC3B /* CalendarSection.swift */ = {isa = PBXFileReference; lastKnownFileType = sourcecode.swift; path = CalendarSection.swift; sourceTree = "<group>"; };
		D91201566BCB97BF5AB99FCD /* ClaudeCodeModule.swift */ = {isa = PBXFileReference; lastKnownFileType = sourcecode.swift; path = ClaudeCodeModule.swift; sourceTree = "<group>"; };
		DFEE1FE31D3B21CE0796DEFA /* NotchSettingsButton.swift */ = {isa = PBXFileReference; lastKnownFileType = sourcecode.swift; path = NotchSettingsButton.swift; sourceTree = "<group>"; };
		E03110D4F809BAEFBB9624C8 /* NotchTabBar.swift */ = {isa = PBXFileReference; lastKnownFileType = sourcecode.swift; path = NotchTabBar.swift; sourceTree = "<group>"; };
		F71A135614030CEF84501A56 /* Info.plist */ = {isa = PBXFileReference; lastKnownFileType = text.plist; path = Info.plist; sourceTree = "<group>"; };
		F87AFA2819772B059B3B46E2 /* NotchShape.swift */ = {isa = PBXFileReference; lastKnownFileType = sourcecode.swift; path = NotchShape.swift; sourceTree = "<group>"; };
		FBD0F304995502DE96DBA794 /* ClaudeCodeController.swift */ = {isa = PBXFileReference; lastKnownFileType = sourcecode.swift; path = ClaudeCodeController.swift; sourceTree = "<group>"; };
/* End PBXFileReference section */

/* Begin PBXGroup section */
		1E74AC7076521F9691616BDA /* Tray */ = {
			isa = PBXGroup;
			children = (
				7FD708A623198F493B3499C9 /* TrayController.swift */,
				6A7EA3DCFACA653C483EE405 /* TrayModule.swift */,
				01A175378F0511FD2AE795A6 /* TrayView.swift */,
			);
			path = Tray;
			sourceTree = "<group>";
		};
		2BFE1C7962ACB1E6D0976B80 /* zydock */ = {
			isa = PBXGroup;
			children = (
				44DE2943B39D363E007E1B38 /* Assets.xcassets */,
				3AE774CCB64B9C6C01C297C1 /* App */,
				3094E3F0A706A72F87A3AC48 /* Daemon */,
				F1D6B7AE6F1D2C9F6E3185AF /* Features */,
				AAA79B3BA34E6E5602B1F97A /* Modules */,
				EE467ABF4A4825AB7C3AF860 /* Notch */,
				6A32A7F5ED9816F3996D8340 /* Settings */,
				421FB11115F9990C96EA96E6 /* Shared */,
			);
			name = zydock;
			path = Sources/zydock;
			sourceTree = "<group>";
		};
		2DC80029B05154882C635B0D /* System */ = {
			isa = PBXGroup;
			children = (
				A0ED6701A807F81A0FC5E628 /* SystemModule.swift */,
				69FBAAB427CA4C34E27908BA /* SystemView.swift */,
			);
			path = System;
			sourceTree = "<group>";
		};
		3094E3F0A706A72F87A3AC48 /* Daemon */ = {
			isa = PBXGroup;
			children = (
				4807564E9A9A2EED0C50FD9F /* DaemonManager.swift */,
				4FB248C59177AA59CA00BF1A /* MetricsPoller.swift */,
				BFDDD8F019336230817E6296 /* SessionState.swift */,
				BE863084F10FB558DFA8EAFE /* WebSocketClient.swift */,
			);
			path = Daemon;
			sourceTree = "<group>";
		};
		3AE774CCB64B9C6C01C297C1 /* App */ = {
			isa = PBXGroup;
			children = (
				9285D50F59B0C02072B235BD /* AppIcon.icns */,
				F71A135614030CEF84501A56 /* Info.plist */,
				00227FCD57E48E945B9DAB05 /* zydockApp.swift */,
			);
			path = App;
			sourceTree = "<group>";
		};
		421FB11115F9990C96EA96E6 /* Shared */ = {
			isa = PBXGroup;
			children = (
				37F016A014A0F39E0DA74374 /* TrayManager.swift */,
				667DC680149DA98BAC15CB82 /* Typography.swift */,
			);
			path = Shared;
			sourceTree = "<group>";
		};
		4671941BD9357D7F87829B02 /* Calendar */ = {
			isa = PBXGroup;
			children = (
				C09440C5110EE567BDC6CDEF /* CalendarManager.swift */,
				D69A243628ABC94AD708BC3B /* CalendarSection.swift */,
			);
			path = Calendar;
			sourceTree = "<group>";
		};
		6A32A7F5ED9816F3996D8340 /* Settings */ = {
			isa = PBXGroup;
			children = (
				5C229090C1EA2D7B39B63001 /* HotkeyManager.swift */,
				7565C587FB450839EB95070E /* SettingsView.swift */,
				90E901B2CBF504D9FCB25E35 /* SettingsWindowController.swift */,
				252955F5D7362B8D2DDB3E5B /* ShortcutRecorderView.swift */,
			);
			path = Settings;
			sourceTree = "<group>";
		};
		8596B52FA5EA6F602B42BD14 /* Products */ = {
			isa = PBXGroup;
			children = (
				001D89A30EDE736AFD72486E /* zydock.app */,
			);
			name = Products;
			sourceTree = "<group>";
		};
		AAA79B3BA34E6E5602B1F97A /* Modules */ = {
			isa = PBXGroup;
			children = (
				453858F2A2C15433D7CD478B /* Module.swift */,
				CEA436057CD97D43AFE86C3E /* ModuleRegistry.swift */,
			);
			path = Modules;
			sourceTree = "<group>";
		};
		ADA3B0A18DDD3CC12EDBA0D3 /* Weather */ = {
			isa = PBXGroup;
			children = (
				BDB1B8A496E27B2674511856 /* WeatherManager.swift */,
			);
			path = Weather;
			sourceTree = "<group>";
		};
		AF473C8ABE49C69C21B96EFE = {
			isa = PBXGroup;
			children = (
				2BFE1C7962ACB1E6D0976B80 /* zydock */,
				8596B52FA5EA6F602B42BD14 /* Products */,
			);
			sourceTree = "<group>";
		};
		B19DA44DAE51E6D18448FC57 /* NowPlaying */ = {
			isa = PBXGroup;
			children = (
				4853524CD996FC37307164F9 /* AlbumArtView.swift */,
				4FCA26E0BF1E656B00619B33 /* MusicWaveView.swift */,
				71D5E5273F7397E40BE1820A /* NowPlayingManager.swift */,
			);
			path = NowPlaying;
			sourceTree = "<group>";
		};
		E6B8F0C4C6D6E1AD906CC474 /* ClaudeCode */ = {
			isa = PBXGroup;
			children = (
				FBD0F304995502DE96DBA794 /* ClaudeCodeController.swift */,
				D91201566BCB97BF5AB99FCD /* ClaudeCodeModule.swift */,
				B9CFA112ED5C73A7B47B3CBA /* ClaudeCodeView.swift */,
			);
			path = ClaudeCode;
			sourceTree = "<group>";
		};
		EE467ABF4A4825AB7C3AF860 /* Notch */ = {
			isa = PBXGroup;
			children = (
				C4D33803455E0CC06D52C2B2 /* LoadersView.swift */,
				DFEE1FE31D3B21CE0796DEFA /* NotchSettingsButton.swift */,
				F87AFA2819772B059B3B46E2 /* NotchShape.swift */,
				61C5EC09A79A30F57094FB74 /* NotchState.swift */,
				E03110D4F809BAEFBB9624C8 /* NotchTabBar.swift */,
				A422A1E006C1343FFA46D20C /* NotchView.swift */,
				BA74C03DFBEA19F4CF55E381 /* NotchWindow.swift */,
				4B19B9D105FDA667399BD91B /* TabContentView.swift */,
			);
			path = Notch;
			sourceTree = "<group>";
		};
		F1D6B7AE6F1D2C9F6E3185AF /* Features */ = {
			isa = PBXGroup;
			children = (
				4671941BD9357D7F87829B02 /* Calendar */,
				E6B8F0C4C6D6E1AD906CC474 /* ClaudeCode */,
				B19DA44DAE51E6D18448FC57 /* NowPlaying */,
				2DC80029B05154882C635B0D /* System */,
				1E74AC7076521F9691616BDA /* Tray */,
				ADA3B0A18DDD3CC12EDBA0D3 /* Weather */,
			);
			path = Features;
			sourceTree = "<group>";
		};
/* End PBXGroup section */

/* Begin PBXNativeTarget section */
		A92EA0DFAC2B9E930086455E /* zydock */ = {
			isa = PBXNativeTarget;
			buildConfigurationList = 0F5001F7823CF33C71B018D8 /* Build configuration list for PBXNativeTarget "zydock" */;
			buildPhases = (
				3ED97AC846F0DB05D351A1E1 /* Sources */,
				FD5A9281983F3EA05E617135 /* Resources */,
				C747C9CF983A28B543DA0882 /* Build Go Daemon */,
			);
			buildRules = (
			);
			dependencies = (
			);
			name = zydock;
			packageProductDependencies = (
			);
			productName = zydock;
			productReference = 001D89A30EDE736AFD72486E /* zydock.app */;
			productType = "com.apple.product-type.application";
		};
/* End PBXNativeTarget section */

/* Begin PBXProject section */
		E9917177B4948FC33B11BEF8 /* Project object */ = {
			isa = PBXProject;
			attributes = {
				BuildIndependentTargetsInParallel = YES;
				LastUpgradeCheck = 1430;
				TargetAttributes = {
				};
			};
			buildConfigurationList = 37E5D5AF9F86B3CAA4270E61 /* Build configuration list for PBXProject "zydock" */;
			developmentRegion = en;
			hasScannedForEncodings = 0;
			knownRegions = (
				Base,
				en,
			);
			mainGroup = AF473C8ABE49C69C21B96EFE;
			minimizedProjectReferenceProxies = 1;
			preferredProjectObjectVersion = 77;
			productRefGroup = 8596B52FA5EA6F602B42BD14 /* Products */;
			projectDirPath = "";
			projectRoot = "";
			targets = (
				A92EA0DFAC2B9E930086455E /* zydock */,
			);
		};
/* End PBXProject section */

/* Begin PBXResourcesBuildPhase section */
		FD5A9281983F3EA05E617135 /* Resources */ = {
			isa = PBXResourcesBuildPhase;
			buildActionMask = 2147483647;
			files = (
				B64E466FDFACBDA551E44AD8 /* AppIcon.icns in Resources */,
				90E82737FA86A5FE6C7AAFD4 /* Assets.xcassets in Resources */,
			);
			runOnlyForDeploymentPostprocessing = 0;
		};
/* End PBXResourcesBuildPhase section */

/* Begin PBXShellScriptBuildPhase section */
		C747C9CF983A28B543DA0882 /* Build Go Daemon */ = {
			isa = PBXShellScriptBuildPhase;
			buildActionMask = 2147483647;
			files = (
			);
			inputFileListPaths = (
			);
			inputPaths = (
			);
			name = "Build Go Daemon";
			outputFileListPaths = (
			);
			outputPaths = (
			);
			runOnlyForDeploymentPostprocessing = 0;
			shellPath = /bin/sh;
			shellScript = "cd \"$SRCROOT/../daemon\"\ngo build -o \"$BUILT_PRODUCTS_DIR/$PRODUCT_NAME.app/Contents/MacOS/zydockd\" .\n";
		};
/* End PBXShellScriptBuildPhase section */

/* Begin PBXSourcesBuildPhase section */
		3ED97AC846F0DB05D351A1E1 /* Sources */ = {
			isa = PBXSourcesBuildPhase;
			buildActionMask = 2147483647;
			files = (
				5FC993A256CF8227B8B003B5 /* AlbumArtView.swift in Sources */,
				113E7E2A9854ED95641AEA41 /* CalendarManager.swift in Sources */,
				043970882FE54A150AF518F1 /* CalendarSection.swift in Sources */,
				3787BCC32FF8B54CAB58B24A /* ClaudeCodeController.swift in Sources */,
				5A4C9B2BFC31713CEC9394AC /* ClaudeCodeModule.swift in Sources */,
				E4123D46CB018B4411EEDC07 /* ClaudeCodeView.swift in Sources */,
				8C8EBF3A5E6867201EAA5921 /* DaemonManager.swift in Sources */,
				EA958190D3FCBCB981A5DD4E /* HotkeyManager.swift in Sources */,
				E8ED558EAFD45D86F08E7EA6 /* LoadersView.swift in Sources */,
				F54B2607C8D2503FE5DBA7B8 /* MetricsPoller.swift in Sources */,
				52981714CB80A2F3EC271F9B /* Module.swift in Sources */,
				FDB55169843AAE1E1EBDA571 /* ModuleRegistry.swift in Sources */,
				1AB241F23EC6A54CFED99457 /* MusicWaveView.swift in Sources */,
				ED3A9736E342AD6B50C53FC4 /* NotchSettingsButton.swift in Sources */,
				100BCEC05F9048E78066AE1B /* NotchShape.swift in Sources */,
				20E0F293D3657B3884CBE914 /* NotchState.swift in Sources */,
				1DC48DD850F243E74949F707 /* NotchTabBar.swift in Sources */,
				79E4F6D182ED707EED04167F /* NotchView.swift in Sources */,
				F6E341DEB8BC0A2574588D94 /* NotchWindow.swift in Sources */,
				A972657A6FB1FC724A16F563 /* NowPlayingManager.swift in Sources */,
				2D144527F64C1BEB547206E1 /* SessionState.swift in Sources */,
				45E242EF3A3D587800D62484 /* SettingsView.swift in Sources */,
				7FDBB0B0814D76F268F9BF93 /* SettingsWindowController.swift in Sources */,
				33820CD4836DC663E2AF9187 /* ShortcutRecorderView.swift in Sources */,
				EBCE1891476F9B66DB56A093 /* SystemModule.swift in Sources */,
				D1333CFFDDFCFB5FD4D25932 /* SystemView.swift in Sources */,
				AD57E25BAA2D37D854B9E8C1 /* TabContentView.swift in Sources */,
				2C0EAFBA7B217D1E160C2DC6 /* TrayController.swift in Sources */,
				E13285AA78089DF716DB34FE /* TrayManager.swift in Sources */,
				59C0E6358FC7B2EF9384CB19 /* TrayModule.swift in Sources */,
				40F724D329E839EF068A5CAC /* TrayView.swift in Sources */,
				08E380B3E0E9539EBDF2BADB /* Typography.swift in Sources */,
				DCF24035DBDD9BCC6D4446D2 /* WeatherManager.swift in Sources */,
				574EE0751FB9FC14597151D6 /* WebSocketClient.swift in Sources */,
				E9A44D076BAE0020CFE3429F /* zydockApp.swift in Sources */,
			);
			runOnlyForDeploymentPostprocessing = 0;
		};
/* End PBXSourcesBuildPhase section */

/* Begin XCBuildConfiguration section */
		285057C77791BD698BCE938F /* Debug */ = {
			isa = XCBuildConfiguration;
			buildSettings = {
				ASSETCATALOG_COMPILER_APPICON_NAME = AppIcon;
				COMBINE_HIDPI_IMAGES = YES;
				INFOPLIST_FILE = Sources/zydock/App/Info.plist;
				LD_RUNPATH_SEARCH_PATHS = (
					"$(inherited)",
					"@executable_path/../Frameworks",
				);
				PRODUCT_BUNDLE_IDENTIFIER = com.wilson.zydock;
				PRODUCT_NAME = zydock;
				SDKROOT = macosx;
			};
			name = Debug;
		};
		5D53B28176E38B1DE2886A94 /* Debug */ = {
			isa = XCBuildConfiguration;
			buildSettings = {
				ALWAYS_SEARCH_USER_PATHS = NO;
				CLANG_ANALYZER_NONNULL = YES;
				CLANG_ANALYZER_NUMBER_OBJECT_CONVERSION = YES_AGGRESSIVE;
				CLANG_CXX_LANGUAGE_STANDARD = "gnu++14";
				CLANG_CXX_LIBRARY = "libc++";
				CLANG_ENABLE_MODULES = YES;
				CLANG_ENABLE_OBJC_ARC = YES;
				CLANG_ENABLE_OBJC_WEAK = YES;
				CLANG_WARN_BLOCK_CAPTURE_AUTORELEASING = YES;
				CLANG_WARN_BOOL_CONVERSION = YES;
				CLANG_WARN_COMMA = YES;
				CLANG_WARN_CONSTANT_CONVERSION = YES;
				CLANG_WARN_DEPRECATED_OBJC_IMPLEMENTATIONS = YES;
				CLANG_WARN_DIRECT_OBJC_ISA_USAGE = YES_ERROR;
				CLANG_WARN_DOCUMENTATION_COMMENTS = YES;
				CLANG_WARN_EMPTY_BODY = YES;
				CLANG_WARN_ENUM_CONVERSION = YES;
				CLANG_WARN_INFINITE_RECURSION = YES;
				CLANG_WARN_INT_CONVERSION = YES;
				CLANG_WARN_NON_LITERAL_NULL_CONVERSION = YES;
				CLANG_WARN_OBJC_IMPLICIT_RETAIN_SELF = YES;
				CLANG_WARN_OBJC_LITERAL_CONVERSION = YES;
				CLANG_WARN_OBJC_ROOT_CLASS = YES_ERROR;
				CLANG_WARN_QUOTED_INCLUDE_IN_FRAMEWORK_HEADER = YES;
				CLANG_WARN_RANGE_LOOP_ANALYSIS = YES;
				CLANG_WARN_STRICT_PROTOTYPES = YES;
				CLANG_WARN_SUSPICIOUS_MOVE = YES;
				CLANG_WARN_UNGUARDED_AVAILABILITY = YES_AGGRESSIVE;
				CLANG_WARN_UNREACHABLE_CODE = YES;
				CLANG_WARN__DUPLICATE_METHOD_MATCH = YES;
				COPY_PHASE_STRIP = NO;
				DEBUG_INFORMATION_FORMAT = dwarf;
				ENABLE_STRICT_OBJC_MSGSEND = YES;
				ENABLE_TESTABILITY = YES;
				GCC_C_LANGUAGE_STANDARD = gnu11;
				GCC_DYNAMIC_NO_PIC = NO;
				GCC_NO_COMMON_BLOCKS = YES;
				GCC_OPTIMIZATION_LEVEL = 0;
				GCC_PREPROCESSOR_DEFINITIONS = (
					"$(inherited)",
					"DEBUG=1",
				);
				GCC_WARN_64_TO_32_BIT_CONVERSION = YES;
				GCC_WARN_ABOUT_RETURN_TYPE = YES_ERROR;
				GCC_WARN_UNDECLARED_SELECTOR = YES;
				GCC_WARN_UNINITIALIZED_AUTOS = YES_AGGRESSIVE;
				GCC_WARN_UNUSED_FUNCTION = YES;
				GCC_WARN_UNUSED_VARIABLE = YES;
				LSUIElement = YES;
				MACOSX_DEPLOYMENT_TARGET = 13.0;
				MTL_ENABLE_DEBUG_INFO = INCLUDE_SOURCE;
				MTL_FAST_MATH = YES;
				ONLY_ACTIVE_ARCH = YES;
				PRODUCT_NAME = "$(TARGET_NAME)";
				SDKROOT = macosx;
				SWIFT_ACTIVE_COMPILATION_CONDITIONS = DEBUG;
				SWIFT_OPTIMIZATION_LEVEL = "-Onone";
				SWIFT_VERSION = 5.9;
			};
			name = Debug;
		};
		6428105D01BDDF38BD364EC7 /* Release */ = {
			isa = XCBuildConfiguration;
			buildSettings = {
				ALWAYS_SEARCH_USER_PATHS = NO;
				CLANG_ANALYZER_NONNULL = YES;
				CLANG_ANALYZER_NUMBER_OBJECT_CONVERSION = YES_AGGRESSIVE;
				CLANG_CXX_LANGUAGE_STANDARD = "gnu++14";
				CLANG_CXX_LIBRARY = "libc++";
				CLANG_ENABLE_MODULES = YES;
				CLANG_ENABLE_OBJC_ARC = YES;
				CLANG_ENABLE_OBJC_WEAK = YES;
				CLANG_WARN_BLOCK_CAPTURE_AUTORELEASING = YES;
				CLANG_WARN_BOOL_CONVERSION = YES;
				CLANG_WARN_COMMA = YES;
				CLANG_WARN_CONSTANT_CONVERSION = YES;
				CLANG_WARN_DEPRECATED_OBJC_IMPLEMENTATIONS = YES;
				CLANG_WARN_DIRECT_OBJC_ISA_USAGE = YES_ERROR;
				CLANG_WARN_DOCUMENTATION_COMMENTS = YES;
				CLANG_WARN_EMPTY_BODY = YES;
				CLANG_WARN_ENUM_CONVERSION = YES;
				CLANG_WARN_INFINITE_RECURSION = YES;
				CLANG_WARN_INT_CONVERSION = YES;
				CLANG_WARN_NON_LITERAL_NULL_CONVERSION = YES;
				CLANG_WARN_OBJC_IMPLICIT_RETAIN_SELF = YES;
				CLANG_WARN_OBJC_LITERAL_CONVERSION = YES;
				CLANG_WARN_OBJC_ROOT_CLASS = YES_ERROR;
				CLANG_WARN_QUOTED_INCLUDE_IN_FRAMEWORK_HEADER = YES;
				CLANG_WARN_RANGE_LOOP_ANALYSIS = YES;
				CLANG_WARN_STRICT_PROTOTYPES = YES;
				CLANG_WARN_SUSPICIOUS_MOVE = YES;
				CLANG_WARN_UNGUARDED_AVAILABILITY = YES_AGGRESSIVE;
				CLANG_WARN_UNREACHABLE_CODE = YES;
				CLANG_WARN__DUPLICATE_METHOD_MATCH = YES;
				COPY_PHASE_STRIP = NO;
				DEBUG_INFORMATION_FORMAT = "dwarf-with-dsym";
				ENABLE_NS_ASSERTIONS = NO;
				ENABLE_STRICT_OBJC_MSGSEND = YES;
				GCC_C_LANGUAGE_STANDARD = gnu11;
				GCC_NO_COMMON_BLOCKS = YES;
				GCC_WARN_64_TO_32_BIT_CONVERSION = YES;
				GCC_WARN_ABOUT_RETURN_TYPE = YES_ERROR;
				GCC_WARN_UNDECLARED_SELECTOR = YES;
				GCC_WARN_UNINITIALIZED_AUTOS = YES_AGGRESSIVE;
				GCC_WARN_UNUSED_FUNCTION = YES;
				GCC_WARN_UNUSED_VARIABLE = YES;
				LSUIElement = YES;
				MACOSX_DEPLOYMENT_TARGET = 13.0;
				MTL_ENABLE_DEBUG_INFO = NO;
				MTL_FAST_MATH = YES;
				PRODUCT_NAME = "$(TARGET_NAME)";
				SDKROOT = macosx;
				SWIFT_COMPILATION_MODE = wholemodule;
				SWIFT_OPTIMIZATION_LEVEL = "-O";
				SWIFT_VERSION = 5.9;
			};
			name = Release;
		};
		AEFB118CFE64086D9DBDF5B7 /* Release */ = {
			isa = XCBuildConfiguration;
			buildSettings = {
				ASSETCATALOG_COMPILER_APPICON_NAME = AppIcon;
				COMBINE_HIDPI_IMAGES = YES;
				INFOPLIST_FILE = Sources/zydock/App/Info.plist;
				LD_RUNPATH_SEARCH_PATHS = (
					"$(inherited)",
					"@executable_path/../Frameworks",
				);
				PRODUCT_BUNDLE_IDENTIFIER = com.wilson.zydock;
				PRODUCT_NAME = zydock;
				SDKROOT = macosx;
			};
			name = Release;
		};
/* End XCBuildConfiguration section */

/* Begin XCConfigurationList section */
		0F5001F7823CF33C71B018D8 /* Build configuration list for PBXNativeTarget "zydock" */ = {
			isa = XCConfigurationList;
			buildConfigurations = (
				285057C77791BD698BCE938F /* Debug */,
				AEFB118CFE64086D9DBDF5B7 /* Release */,
			);
			defaultConfigurationIsVisible = 0;
			defaultConfigurationName = Debug;
		};
		37E5D5AF9F86B3CAA4270E61 /* Build configuration list for PBXProject "zydock" */ = {
			isa = XCConfigurationList;
			buildConfigurations = (
				5D53B28176E38B1DE2886A94 /* Debug */,
				6428105D01BDDF38BD364EC7 /* Release */,
			);
			defaultConfigurationIsVisible = 0;
			defaultConfigurationName = Debug;
		};
/* End XCConfigurationList section */
	};
	rootObject = E9917177B4948FC33B11BEF8 /* Project object */;
}
